speakeasyVersion: 1.401.2
sources:
    acp-OAS:
        sourceNamespace: acp-oas
        sourceRevisionDigest: sha256:e1e7e52492a0360695c532b264291549177af7f78351ae78209dd20a1fdff195
        sourceBlobDigest: sha256:e0fa4acb2f973a783a573fcf1964a582238ce0a23038a1a04fc3daae00b6981f
        tags:
            - latest
targets:
    acp:
        source: acp-OAS
        sourceNamespace: acp-oas
        sourceRevisionDigest: sha256:e1e7e52492a0360695c532b264291549177af7f78351ae78209dd20a1fdff195
        sourceBlobDigest: sha256:e0fa4acb2f973a783a573fcf1964a582238ce0a23038a1a04fc3daae00b6981f
workflow:
    workflowVersion: 1.0.0
    speakeasyVersion: latest
    sources:
        acp-OAS:
            inputs:
                - location: ./Athena.openapi.yaml
            registry:
                location: registry.speakeasyapi.dev/byteleap-ct0/byteleap/acp-oas
    targets:
        acp:
            target: typescript
            source: acp-OAS
